
Microsoft Visual Studio Solution File, Format Version 12.00
# Visual Studio 15
VisualStudioVersion = 15.0.27703.2035
MinimumVisualStudioVersion = 10.0.40219.1
Project("{FAE04EC0-301F-11D3-BF4B-00C04F79EFBC}") = "ANEI_bot", "ANEI_bot\ANEI_bot.csproj", "{6B220641-0B10-448E-B4DB-F7D40F6CFAD0}"
EndProject
Global
	GlobalSection(SolutionConfigurationPlatforms) = preSolution
		Debug|Any CPU = Debug|Any CPU
		Release|Any CPU = Release|Any CPU
	EndGlobalSection
	GlobalSection(ProjectConfigurationPlatforms) = postSolution
		{6B220641-0B10-448E-B4DB-F7D40F6CFAD0}.Debug|Any CPU.ActiveCfg = Debug|Any CPU
		{6B220641-0B10-448E-B4DB-F7D40F6CFAD0}.Debug|Any CPU.Build.0 = Debug|Any CPU
		{6B220641-0B10-448E-B4DB-F7D40F6CFAD0}.Release|Any CPU.ActiveCfg = Release|Any CPU
		{6B220641-0B10-448E-B4DB-F7D40F6CFAD0}.Release|Any CPU.Build.0 = Release|Any CPU
	EndGlobalSection
	GlobalSection(SolutionProperties) = preSolution
		HideSolutionNode = FALSE
	EndGlobalSection
	GlobalSection(ExtensibilityGlobals) = postSolution
		SolutionGuid = {14B39855-CA98-4C6A-A37E-F8A4184DF54B}
	EndGlobalSection
EndGlobal
